
Microsoft Visual Studio Solution File, Format Version 10.00
# Visual C++ Express 2008
Project("{8BC9CEB8-8B4A-11D0-8D11-00A0C91BC942}") = "dna", "dna.vcproj", "{8ED67A94-A0A1-4D36-B6F1-179D70412EB0}"
EndProject
Global
	GlobalSection(SolutionConfigurationPlatforms) = preSolution
		Debug|Win32 = Debug|Win32
		Release|Win32 = Release|Win32
	EndGlobalSection
	GlobalSection(ProjectConfigurationPlatforms) = postSolution
		{8ED67A94-A0A1-4D36-B6F1-179D70412EB0}.Debug|Win32.ActiveCfg = Debug|Win32
		{8ED67A94-A0A1-4D36-B6F1-179D70412EB0}.Debug|Win32.Build.0 = Debug|Win32
		{8ED67A94-A0A1-4D36-B6F1-179D70412EB0}.Release|Win32.ActiveCfg = Release|Win32
		{8ED67A94-A0A1-4D36-B6F1-179D70412EB0}.Release|Win32.Build.0 = Release|Win32
	EndGlobalSection
	GlobalSection(SolutionProperties) = preSolution
		HideSolutionNode = FALSE
	EndGlobalSection
EndGlobal
